
Microsoft Visual Studio Solution File, Format Version 12.00
# Visual Studio Version 16
VisualStudioVersion = 16.0.32002.261
MinimumVisualStudioVersion = 10.0.40219.1
Project("{FAE04EC0-301F-11D3-BF4B-00C04F79EFBC}") = "LB9", "LB9.csproj", "{58F493B2-8AD2-469E-83E5-44CA3F08A51E}"
EndProject
Global
	GlobalSection(SolutionConfigurationPlatforms) = preSolution
		Debug|Any CPU = Debug|Any CPU
		Release|Any CPU = Release|Any CPU
	EndGlobalSection
	GlobalSection(ProjectConfigurationPlatforms) = postSolution
		{58F493B2-8AD2-469E-83E5-44CA3F08A51E}.Debug|Any CPU.ActiveCfg = Debug|Any CPU
		{58F493B2-8AD2-469E-83E5-44CA3F08A51E}.Debug|Any CPU.Build.0 = Debug|Any CPU
		{58F493B2-8AD2-469E-83E5-44CA3F08A51E}.Release|Any CPU.ActiveCfg = Release|Any CPU
		{58F493B2-8AD2-469E-83E5-44CA3F08A51E}.Release|Any CPU.Build.0 = Release|Any CPU
	EndGlobalSection
	GlobalSection(SolutionProperties) = preSolution
		HideSolutionNode = FALSE
	EndGlobalSection
	GlobalSection(ExtensibilityGlobals) = postSolution
		SolutionGuid = {B3297EAA-1B84-4226-8C19-8901E21FACD9}
	EndGlobalSection
EndGlobal
